// !$*UTF8*$!
{
	archiveVersion = 1;
	classes = {
	};
	objectVersion = 46;
	objects = {

/* Begin PBXBuildFile section */
		C01261FA1E27EC58005AEA40 /* AppDelegate.swift in Sources */ = {isa = PBXBuildFile; fileRef = C01261F91E27EC58005AEA40 /* AppDelegate.swift */; };
		C01261FF1E27EC58005AEA40 /* Main.storyboard in Resources */ = {isa = PBXBuildFile; fileRef = C01261FD1E27EC58005AEA40 /* Main.storyboard */; };
		C01262011E27EC58005AEA40 /* Assets.xcassets in Resources */ = {isa = PBXBuildFile; fileRef = C01262001E27EC58005AEA40 /* Assets.xcassets */; };
		C01262041E27EC58005AEA40 /* LaunchScreen.storyboard in Resources */ = {isa = PBXBuildFile; fileRef = C01262021E27EC58005AEA40 /* LaunchScreen.storyboard */; };
		C012620C1E27F07B005AEA40 /* ToDoListTableViewController.swift in Sources */ = {isa = PBXBuildFile; fileRef = C012620B1E27F07B005AEA40 /* ToDoListTableViewController.swift */; };
		C012620E1E27F47E005AEA40 /* ToDoItemTableViewCell.swift in Sources */ = {isa = PBXBuildFile; fileRef = C012620D1E27F47E005AEA40 /* ToDoItemTableViewCell.swift */; };
		C01262121E280046005AEA40 /* ToDoItem.swift in Sources */ = {isa = PBXBuildFile; fileRef = C01262111E280046005AEA40 /* ToDoItem.swift */; };
		C01262161E282A67005AEA40 /* EmptyItemTableViewCell.swift in Sources */ = {isa = PBXBuildFile; fileRef = C01262151E282A67005AEA40 /* EmptyItemTableViewCell.swift */; };
/* End PBXBuildFile section */

/* Begin PBXFileReference section */
		C01261F61E27EC58005AEA40 /* ToDoList.app */ = {isa = PBXFileReference; explicitFileType = wrapper.application; includeInIndex = 0; path = ToDoList.app; sourceTree = BUILT_PRODUCTS_DIR; };
		C01261F91E27EC58005AEA40 /* AppDelegate.swift */ = {isa = PBXFileReference; lastKnownFileType = sourcecode.swift; path = AppDelegate.swift; sourceTree = "<group>"; };
		C01261FE1E27EC58005AEA40 /* Base */ = {isa = PBXFileReference; lastKnownFileType = file.storyboard; name = Base; path = Base.lproj/Main.storyboard; sourceTree = "<group>"; };
		C01262001E27EC58005AEA40 /* Assets.xcassets */ = {isa = PBXFileReference; lastKnownFileType = folder.assetcatalog; path = Assets.xcassets; sourceTree = "<group>"; };
		C01262031E27EC58005AEA40 /* Base */ = {isa = PBXFileReference; lastKnownFileType = file.storyboard; name = Base; path = Base.lproj/LaunchScreen.storyboard; sourceTree = "<group>"; };
		C01262051E27EC58005AEA40 /* Info.plist */ = {isa = PBXFileReference; lastKnownFileType = text.plist.xml; path = Info.plist; sourceTree = "<group>"; };
		C012620B1E27F07B005AEA40 /* ToDoListTableViewController.swift */ = {isa = PBXFileReference; fileEncoding = 4; lastKnownFileType = sourcecode.swift; path = ToDoListTableViewController.swift; sourceTree = "<group>"; };
		C012620D1E27F47E005AEA40 /* ToDoItemTableViewCell.swift */ = {isa = PBXFileReference; fileEncoding = 4; lastKnownFileType = sourcecode.swift; path = ToDoItemTableViewCell.swift; sourceTree = "<group>"; };
		C01262111E280046005AEA40 /* ToDoItem.swift */ = {isa = PBXFileReference; fileEncoding = 4; lastKnownFileType = sourcecode.swift; path = ToDoItem.swift; sourceTree = "<group>"; };
		C01262151E282A67005AEA40 /* EmptyItemTableViewCell.swift */ = {isa = PBXFileReference; fileEncoding = 4; lastKnownFileType = sourcecode.swift; path = EmptyItemTableViewCell.swift; sourceTree = "<group>"; };
/* End PBXFileReference section */

/* Begin PBXFrameworksBuildPhase section */
		C01261F31E27EC58005AEA40 /* Frameworks */ = {
			isa = PBXFrameworksBuildPhase;
			buildActionMask = 2147483647;
			files = (
			);
			runOnlyForDeploymentPostprocessing = 0;
		};
/* End PBXFrameworksBuildPhase section */

/* Begin PBXGroup section */
		C01261ED1E27EC58005AEA40 = {
			isa = PBXGroup;
			children = (
				C01261F81E27EC58005AEA40 /* ToDoList */,
				C01261F71E27EC58005AEA40 /* Products */,
			);
			sourceTree = "<group>";
		};
		C01261F71E27EC58005AEA40 /* Products */ = {
			isa = PBXGroup;
			children = (
				C01261F61E27EC58005AEA40 /* ToDoList.app */,
			);
			name = Products;
			sourceTree = "<group>";
		};
		C01261F81E27EC58005AEA40 /* ToDoList */ = {
			isa = PBXGroup;
			children = (
				C01262151E282A67005AEA40 /* EmptyItemTableViewCell.swift */,
				C012620B1E27F07B005AEA40 /* ToDoListTableViewController.swift */,
				C012620D1E27F47E005AEA40 /* ToDoItemTableViewCell.swift */,
				C01262111E280046005AEA40 /* ToDoItem.swift */,
				C01261F91E27EC58005AEA40 /* AppDelegate.swift */,
				C01261FD1E27EC58005AEA40 /* Main.storyboard */,
				C01262001E27EC58005AEA40 /* Assets.xcassets */,
				C01262021E27EC58005AEA40 /* LaunchScreen.storyboard */,
				C01262051E27EC58005AEA40 /* Info.plist */,
			);
			path = ToDoList;
			sourceTree = "<group>";
		};
/* End PBXGroup section */

/* Begin PBXNativeTarget section */
		C01261F51E27EC58005AEA40 /* ToDoList */ = {
			isa = PBXNativeTarget;
			buildConfigurationList = C01262081E27EC58005AEA40 /* Build configuration list for PBXNativeTarget "ToDoList" */;
			buildPhases = (
				C01261F21E27EC58005AEA40 /* Sources */,
				C01261F31E27EC58005AEA40 /* Frameworks */,
				C01261F41E27EC58005AEA40 /* Resources */,
			);
			buildRules = (
			);
			dependencies = (
			);
			name = ToDoList;
			productName = ToDoList;
			productReference = C01261F61E27EC58005AEA40 /* ToDoList.app */;
			productType = "com.apple.product-type.application";
		};
/* End PBXNativeTarget section */

/* Begin PBXProject section */
		C01261EE1E27EC58005AEA40 /* Project object */ = {
			isa = PBXProject;
			attributes = {
				LastSwiftUpdateCheck = 0820;
				LastUpgradeCheck = 0820;
				ORGANIZATIONNAME = "Shanelle Roman";
				TargetAttributes = {
					C01261F51E27EC58005AEA40 = {
						CreatedOnToolsVersion = 8.2;
						DevelopmentTeam = 6P694KK5PE;
						ProvisioningStyle = Automatic;
					};
				};
			};
			buildConfigurationList = C01261F11E27EC58005AEA40 /* Build configuration list for PBXProject "ToDoList" */;
			compatibilityVersion = "Xcode 3.2";
			developmentRegion = English;
			hasScannedForEncodings = 0;
			knownRegions = (
				en,
				Base,
			);
			mainGroup = C01261ED1E27EC58005AEA40;
			productRefGroup = C01261F71E27EC58005AEA40 /* Products */;
			projectDirPath = "";
			projectRoot = "";
			targets = (
				C01261F51E27EC58005AEA40 /* ToDoList */,
			);
		};
/* End PBXProject section */

/* Begin PBXResourcesBuildPhase section */
		C01261F41E27EC58005AEA40 /* Resources */ = {
			isa = PBXResourcesBuildPhase;
			buildActionMask = 2147483647;
			files = (
				C01262041E27EC58005AEA40 /* LaunchScreen.storyboard in Resources */,
				C01262011E27EC58005AEA40 /* Assets.xcassets in Resources */,
				C01261FF1E27EC58005AEA40 /* Main.storyboard in Resources */,
			);
			runOnlyForDeploymentPostprocessing = 0;
		};
/* End PBXResourcesBuildPhase section */

/* Begin PBXSourcesBuildPhase section */
		C01261F21E27EC58005AEA40 /* Sources */ = {
			isa = PBXSourcesBuildPhase;
			buildActionMask = 2147483647;
			files = (
				C01262161E282A67005AEA40 /* EmptyItemTableViewCell.swift in Sources */,
				C01261FA1E27EC58005AEA40 /* AppDelegate.swift in Sources */,
				C012620E1E27F47E005AEA40 /* ToDoItemTableViewCell.swift in Sources */,
				C01262121E280046005AEA40 /* ToDoItem.swift in Sources */,
				C012620C1E27F07B005AEA40 /* ToDoListTableViewController.swift in Sources */,
			);
			runOnlyForDeploymentPostprocessing = 0;
		};
/* End PBXSourcesBuildPhase section */

/* Begin PBXVariantGroup section */
		C01261FD1E27EC58005AEA40 /* Main.storyboard */ = {
			isa = PBXVariantGroup;
			children = (
				C01261FE1E27EC58005AEA40 /* Base */,
			);
			name = Main.storyboard;
			sourceTree = "<group>";
		};
		C01262021E27EC58005AEA40 /* LaunchScreen.storyboard */ = {
			isa = PBXVariantGroup;
			children = (
				C01262031E27EC58005AEA40 /* Base */,
			);
			name = LaunchScreen.storyboard;
			sourceTree = "<group>";
		};
/* End PBXVariantGroup section */

/* Begin XCBuildConfiguration section */
		C01262061E27EC58005AEA40 /* Debug */ = {
			isa = XCBuildConfiguration;
			buildSettings = {
				ALWAYS_SEARCH_USER_PATHS = NO;
				CLANG_ANALYZER_NONNULL = YES;
				CLANG_CXX_LANGUAGE_STANDARD = "gnu++0x";
				CLANG_CXX_LIBRARY = "libc++";
				CLANG_ENABLE_MODULES = YES;
				CLANG_ENABLE_OBJC_ARC = YES;
				CLANG_WARN_BOOL_CONVERSION = YES;
				CLANG_WARN_CONSTANT_CONVERSION = YES;
				CLANG_WARN_DIRECT_OBJC_ISA_USAGE = YES_ERROR;
				CLANG_WARN_DOCUMENTATION_COMMENTS = YES;
				CLANG_WARN_EMPTY_BODY = YES;
				CLANG_WARN_ENUM_CONVERSION = YES;
				CLANG_WARN_INFINITE_RECURSION = YES;
				CLANG_WARN_INT_CONVERSION = YES;
				CLANG_WARN_OBJC_ROOT_CLASS = YES_ERROR;
				CLANG_WARN_SUSPICIOUS_MOVE = YES;
				CLANG_WARN_UNREACHABLE_CODE = YES;
				CLANG_WARN__DUPLICATE_METHOD_MATCH = YES;
				"CODE_SIGN_IDENTITY[sdk=iphoneos*]" = "iPhone Developer";
				COPY_PHASE_STRIP = NO;
				DEBUG_INFORMATION_FORMAT = dwarf;
				ENABLE_STRICT_OBJC_MSGSEND = YES;
				ENABLE_TESTABILITY = YES;
				GCC_C_LANGUAGE_STANDARD = gnu99;
				GCC_DYNAMIC_NO_PIC = NO;
				GCC_NO_COMMON_BLOCKS = YES;
				GCC_OPTIMIZATION_LEVEL = 0;
				GCC_PREPROCESSOR_DEFINITIONS = (
					"DEBUG=1",
					"$(inherited)",
				);
				GCC_WARN_64_TO_32_BIT_CONVERSION = YES;
				GCC_WARN_ABOUT_RETURN_TYPE = YES_ERROR;
				GCC_WARN_UNDECLARED_SELECTOR = YES;
				GCC_WARN_UNINITIALIZED_AUTOS = YES_AGGRESSIVE;
				GCC_WARN_UNUSED_FUNCTION = YES;
				GCC_WARN_UNUSED_VARIABLE = YES;
				IPHONEOS_DEPLOYMENT_TARGET = 10.2;
				MTL_ENABLE_DEBUG_INFO = YES;
				ONLY_ACTIVE_ARCH = YES;
				SDKROOT = iphoneos;
				SWIFT_ACTIVE_COMPILATION_CONDITIONS = DEBUG;
				SWIFT_OPTIMIZATION_LEVEL = "-Onone";
				TARGETED_DEVICE_FAMILY = "1,2";
			};
			name = Debug;
		};
		C01262071E27EC58005AEA40 /* Release */ = {
			isa = XCBuildConfiguration;
			buildSettings = {
				ALWAYS_SEARCH_USER_PATHS = NO;
				CLANG_ANALYZER_NONNULL = YES;
				CLANG_CXX_LANGUAGE_STANDARD = "gnu++0x";
				CLANG_CXX_LIBRARY = "libc++";
				CLANG_ENABLE_MODULES = YES;
				CLANG_ENABLE_OBJC_ARC = YES;
				CLANG_WARN_BOOL_CONVERSION = YES;
				CLANG_WARN_CONSTANT_CONVERSION = YES;
				CLANG_WARN_DIRECT_OBJC_ISA_USAGE = YES_ERROR;
				CLANG_WARN_DOCUMENTATION_COMMENTS = YES;
				CLANG_WARN_EMPTY_BODY = YES;
				CLANG_WARN_ENUM_CONVERSION = YES;
				CLANG_WARN_INFINITE_RECURSION = YES;
				CLANG_WARN_INT_CONVERSION = YES;
				CLANG_WARN_OBJC_ROOT_CLASS = YES_ERROR;
				CLANG_WARN_SUSPICIOUS_MOVE = YES;
				CLANG_WARN_UNREACHABLE_CODE = YES;
				CLANG_WARN__DUPLICATE_METHOD_MATCH = YES;
				"CODE_SIGN_IDENTITY[sdk=iphoneos*]" = "iPhone Developer";
				COPY_PHASE_STRIP = NO;
				DEBUG_INFORMATION_FORMAT = "dwarf-with-dsym";
				ENABLE_NS_ASSERTIONS = NO;
				ENABLE_STRICT_OBJC_MSGSEND = YES;
				GCC_C_LANGUAGE_STANDARD = gnu99;
				GCC_NO_COMMON_BLOCKS = YES;
				GCC_WARN_64_TO_32_BIT_CONVERSION = YES;
				GCC_WARN_ABOUT_RETURN_TYPE = YES_ERROR;
				GCC_WARN_UNDECLARED_SELECTOR = YES;
				GCC_WARN_UNINITIALIZED_AUTOS = YES_AGGRESSIVE;
				GCC_WARN_UNUSED_FUNCTION = YES;
				GCC_WARN_UNUSED_VARIABLE = YES;
				IPHONEOS_DEPLOYMENT_TARGET = 10.2;
				MTL_ENABLE_DEBUG_INFO = NO;
				SDKROOT = iphoneos;
				SWIFT_OPTIMIZATION_LEVEL = "-Owholemodule";
				TARGETED_DEVICE_FAMILY = "1,2";
				VALIDATE_PRODUCT = YES;
			};
			name = Release;
		};
		C01262091E27EC58005AEA40 /* Debug */ = {
			isa = XCBuildConfiguration;
			buildSettings = {
				ASSETCATALOG_COMPILER_APPICON_NAME = AppIcon;
				DEVELOPMENT_TEAM = 6P694KK5PE;
				INFOPLIST_FILE = ToDoList/Info.plist;
				LD_RUNPATH_SEARCH_PATHS = "$(inherited) @executable_path/Frameworks";
				PRODUCT_BUNDLE_IDENTIFIER = Yale.ToDoList;
				PRODUCT_NAME = "$(TARGET_NAME)";
				SWIFT_VERSION = 3.0;
			};
			name = Debug;
		};
		C012620A1E27EC58005AEA40 /* Release */ = {
			isa = XCBuildConfiguration;
			buildSettings = {
				ASSETCATALOG_COMPILER_APPICON_NAME = AppIcon;
				DEVELOPMENT_TEAM = 6P694KK5PE;
				INFOPLIST_FILE = ToDoList/Info.plist;
				LD_RUNPATH_SEARCH_PATHS = "$(inherited) @executable_path/Frameworks";
				PRODUCT_BUNDLE_IDENTIFIER = Yale.ToDoList;
				PRODUCT_NAME = "$(TARGET_NAME)";
				SWIFT_VERSION = 3.0;
			};
			name = Release;
		};
/* End XCBuildConfiguration section */

/* Begin XCConfigurationList section */
		C01261F11E27EC58005AEA40 /* Build configuration list for PBXProject "ToDoList" */ = {
			isa = XCConfigurationList;
			buildConfigurations = (
				C01262061E27EC58005AEA40 /* Debug */,
				C01262071E27EC58005AEA40 /* Release */,
			);
			defaultConfigurationIsVisible = 0;
			defaultConfigurationName = Release;
		};
		C01262081E27EC58005AEA40 /* Build configuration list for PBXNativeTarget "ToDoList" */ = {
			isa = XCConfigurationList;
			buildConfigurations = (
				C01262091E27EC58005AEA40 /* Debug */,
				C012620A1E27EC58005AEA40 /* Release */,
			);
			defaultConfigurationIsVisible = 0;
			defaultConfigurationName = Release;
		};
/* End XCConfigurationList section */
	};
	rootObject = C01261EE1E27EC58005AEA40 /* Project object */;
}
